
Microsoft Visual Studio Solution File, Format Version 12.00
# Visual Studio 15
VisualStudioVersion = 15.0.28307.168
MinimumVisualStudioVersion = 10.0.40219.1
Project("{8BC9CEB8-8B4A-11D0-8D11-00A0C91BC942}") = "MatStructure", "MatStructure\MatStructure.vcxproj", "{D366CFCA-C6BA-461F-A19B-5F462ED7C625}"
EndProject
Global
	GlobalSection(SolutionConfigurationPlatforms) = preSolution
		Debug|x64 = Debug|x64
		Debug|x86 = Debug|x86
		Release|x64 = Release|x64
		Release|x86 = Release|x86
	EndGlobalSection
	GlobalSection(ProjectConfigurationPlatforms) = postSolution
		{D366CFCA-C6BA-461F-A19B-5F462ED7C625}.Debug|x64.ActiveCfg = Debug|x64
		{D366CFCA-C6BA-461F-A19B-5F462ED7C625}.Debug|x64.Build.0 = Debug|x64
		{D366CFCA-C6BA-461F-A19B-5F462ED7C625}.Debug|x86.ActiveCfg = Debug|Win32
		{D366CFCA-C6BA-461F-A19B-5F462ED7C625}.Debug|x86.Build.0 = Debug|Win32
		{D366CFCA-C6BA-461F-A19B-5F462ED7C625}.Release|x64.ActiveCfg = Release|x64
		{D366CFCA-C6BA-461F-A19B-5F462ED7C625}.Release|x64.Build.0 = Release|x64
		{D366CFCA-C6BA-461F-A19B-5F462ED7C625}.Release|x86.ActiveCfg = Release|Win32
		{D366CFCA-C6BA-461F-A19B-5F462ED7C625}.Release|x86.Build.0 = Release|Win32
	EndGlobalSection
	GlobalSection(SolutionProperties) = preSolution
		HideSolutionNode = FALSE
	EndGlobalSection
	GlobalSection(ExtensibilityGlobals) = postSolution
		SolutionGuid = {A164BBD4-5BD9-4768-9BA6-CE56B07BCE45}
	EndGlobalSection
EndGlobal
